{
  "version": "4",
  "specifiers": {
    "jsr:@bradenmacdonald/s3-lite-client@~0.7.6": "0.7.6",
    "jsr:@hono/hono@^4.4.9": "4.6.18",
    "jsr:@std/bytes@^1.0.2": "1.0.4",
    "jsr:@std/io@0.224": "0.224.9",
    "jsr:@supabase/supabase-js@2": "2.45.6",
    "npm:@supabase/auth-js@2.65.1": "2.65.1",
    "npm:@supabase/functions-js@2.4.3": "2.4.3",
    "npm:@supabase/node-fetch@2.6.15": "2.6.15",
    "npm:@supabase/postgrest-js@1.16.3": "1.16.3",
    "npm:@supabase/realtime-js@2.10.7": "2.10.7",
    "npm:@supabase/storage-js@2.7.1": "2.7.1",
    "npm:jtd@*": "0.1.1",
    "npm:prisma@*": "6.2.1",
    "npm:prisma@5": "5.22.0"
  },
  "jsr": {
    "@bradenmacdonald/s3-lite-client@0.7.6": {
      "integrity": "2b5976dca95d207dc88e23f9807e3eecbc441b0cf547dcda5784afe6668404d1",
      "dependencies": [
        "jsr:@std/io"
      ]
    },
    "@hono/hono@4.6.18": {
      "integrity": "0759311509fc19b77ada512c7df29d181cf3f5c5ddd599605c1adce127aaaadc"
    },
    "@std/bytes@1.0.4": {
      "integrity": "11a0debe522707c95c7b7ef89b478c13fb1583a7cfb9a85674cd2cc2e3a28abc"
    },
    "@std/io@0.224.9": {
      "integrity": "4414664b6926f665102e73c969cfda06d2c4c59bd5d0c603fd4f1b1c840d6ee3",
      "dependencies": [
        "jsr:@std/bytes"
      ]
    },
    "@supabase/supabase-js@2.45.6": {
      "integrity": "3d33772c268dd15aae12502c1565ef18ee6c6d9f879d43ff84f5cc7781d4d1a1",
      "dependencies": [
        "npm:@supabase/auth-js",
        "npm:@supabase/functions-js",
        "npm:@supabase/node-fetch",
        "npm:@supabase/postgrest-js",
        "npm:@supabase/realtime-js",
        "npm:@supabase/storage-js"
      ]
    }
  },
  "npm": {
    "@prisma/debug@5.22.0": {
      "integrity": "sha512-AUt44v3YJeggO2ZU5BkXI7M4hu9BF2zzH2iF2V5pyXT/lRTyWiElZ7It+bRH1EshoMRxHgpYg4VB6rCM+mG5jQ=="
    },
    "@prisma/debug@6.2.1": {
      "integrity": "sha512-0KItvt39CmQxWkEw6oW+RQMD6RZ43SJWgEUnzxN8VC9ixMysa7MzZCZf22LCK5DSooiLNf8vM3LHZm/I/Ni7bQ=="
    },
    "@prisma/engines-version@5.22.0-44.605197351a3c8bdd595af2d2a9bc3025bca48ea2": {
      "integrity": "sha512-2PTmxFR2yHW/eB3uqWtcgRcgAbG1rwG9ZriSvQw+nnb7c4uCr3RAcGMb6/zfE88SKlC1Nj2ziUvc96Z379mHgQ=="
    },
    "@prisma/engines-version@6.2.0-14.4123509d24aa4dede1e864b46351bf2790323b69": {
      "integrity": "sha512-7tw1qs/9GWSX6qbZs4He09TOTg1ff3gYsB3ubaVNN0Pp1zLm9NC5C5MZShtkz7TyQjx7blhpknB7HwEhlG+PrQ=="
    },
    "@prisma/engines@5.22.0": {
      "integrity": "sha512-UNjfslWhAt06kVL3CjkuYpHAWSO6L4kDCVPegV6itt7nD1kSJavd3vhgAEhjglLJJKEdJ7oIqDJ+yHk6qO8gPA==",
      "dependencies": [
        "@prisma/debug@5.22.0",
        "@prisma/engines-version@5.22.0-44.605197351a3c8bdd595af2d2a9bc3025bca48ea2",
        "@prisma/fetch-engine@5.22.0",
        "@prisma/get-platform@5.22.0"
      ]
    },
    "@prisma/engines@6.2.1": {
      "integrity": "sha512-lTBNLJBCxVT9iP5I7Mn6GlwqAxTpS5qMERrhebkUhtXpGVkBNd/jHnNJBZQW4kGDCKaQg/r2vlJYkzOHnAb7ZQ==",
      "dependencies": [
        "@prisma/debug@6.2.1",
        "@prisma/engines-version@6.2.0-14.4123509d24aa4dede1e864b46351bf2790323b69",
        "@prisma/fetch-engine@6.2.1",
        "@prisma/get-platform@6.2.1"
      ]
    },
    "@prisma/fetch-engine@5.22.0": {
      "integrity": "sha512-bkrD/Mc2fSvkQBV5EpoFcZ87AvOgDxbG99488a5cexp5Ccny+UM6MAe/UFkUC0wLYD9+9befNOqGiIJhhq+HbA==",
      "dependencies": [
        "@prisma/debug@5.22.0",
        "@prisma/engines-version@5.22.0-44.605197351a3c8bdd595af2d2a9bc3025bca48ea2",
        "@prisma/get-platform@5.22.0"
      ]
    },
    "@prisma/fetch-engine@6.2.1": {
      "integrity": "sha512-OO7O9d6Mrx2F9i+Gu1LW+DGXXyUFkP7OE5aj9iBfA/2jjDXEJjqa9X0ZmM9NZNo8Uo7ql6zKm6yjDcbAcRrw1A==",
      "dependencies": [
        "@prisma/debug@6.2.1",
        "@prisma/engines-version@6.2.0-14.4123509d24aa4dede1e864b46351bf2790323b69",
        "@prisma/get-platform@6.2.1"
      ]
    },
    "@prisma/get-platform@5.22.0": {
      "integrity": "sha512-pHhpQdr1UPFpt+zFfnPazhulaZYCUqeIcPpJViYoq9R+D/yw4fjE+CtnsnKzPYm0ddUbeXUzjGVGIRVgPDCk4Q==",
      "dependencies": [
        "@prisma/debug@5.22.0"
      ]
    },
    "@prisma/get-platform@6.2.1": {
      "integrity": "sha512-zp53yvroPl5m5/gXYLz7tGCNG33bhG+JYCm74ohxOq1pPnrL47VQYFfF3RbTZ7TzGWCrR3EtoiYMywUBw7UK6Q==",
      "dependencies": [
        "@prisma/debug@6.2.1"
      ]
    },
    "@supabase/auth-js@2.65.1": {
      "integrity": "sha512-IA7i2Xq2SWNCNMKxwmPlHafBQda0qtnFr8QnyyBr+KaSxoXXqEzFCnQ1dGTy6bsZjVBgXu++o3qrDypTspaAPw==",
      "dependencies": [
        "@supabase/node-fetch"
      ]
    },
    "@supabase/functions-js@2.4.3": {
      "integrity": "sha512-sOLXy+mWRyu4LLv1onYydq+10mNRQ4rzqQxNhbrKLTLTcdcmS9hbWif0bGz/NavmiQfPs4ZcmQJp4WqOXlR4AQ==",
      "dependencies": [
        "@supabase/node-fetch"
      ]
    },
    "@supabase/node-fetch@2.6.15": {
      "integrity": "sha512-1ibVeYUacxWYi9i0cf5efil6adJ9WRyZBLivgjs+AUpewx1F3xPi7gLgaASI2SmIQxPoCEjAsLAzKPgMJVgOUQ==",
      "dependencies": [
        "whatwg-url"
      ]
    },
    "@supabase/postgrest-js@1.16.3": {
      "integrity": "sha512-HI6dsbW68AKlOPofUjDTaosiDBCtW4XAm0D18pPwxoW3zKOE2Ru13Z69Wuys9fd6iTpfDViNco5sgrtnP0666A==",
      "dependencies": [
        "@supabase/node-fetch"
      ]
    },
    "@supabase/realtime-js@2.10.7": {
      "integrity": "sha512-OLI0hiSAqQSqRpGMTUwoIWo51eUivSYlaNBgxsXZE7PSoWh12wPRdVt0psUMaUzEonSB85K21wGc7W5jHnT6uA==",
      "dependencies": [
        "@supabase/node-fetch",
        "@types/phoenix",
        "@types/ws",
        "ws"
      ]
    },
    "@supabase/storage-js@2.7.1": {
      "integrity": "sha512-asYHcyDR1fKqrMpytAS1zjyEfvxuOIp1CIXX7ji4lHHcJKqyk+sLl/Vxgm4sN6u8zvuUtae9e4kDxQP2qrwWBA==",
      "dependencies": [
        "@supabase/node-fetch"
      ]
    },
    "@types/node@22.5.4": {
      "integrity": "sha512-FDuKUJQm/ju9fT/SeX/6+gBzoPzlVCzfzmGkwKvRHQVxi4BntVbyIwf6a4Xn62mrvndLiml6z/UBXIdEVjQLXg==",
      "dependencies": [
        "undici-types"
      ]
    },
    "@types/phoenix@1.6.6": {
      "integrity": "sha512-PIzZZlEppgrpoT2QgbnDU+MMzuR6BbCjllj0bM70lWoejMeNJAxCchxnv7J3XFkI8MpygtRpzXrIlmWUBclP5A=="
    },
    "@types/ws@8.5.14": {
      "integrity": "sha512-bd/YFLW+URhBzMXurx7lWByOu+xzU9+kb3RboOteXYDfW+tr+JZa99OyNmPINEGB/ahzKrEuc8rcv4gnpJmxTw==",
      "dependencies": [
        "@types/node"
      ]
    },
    "fsevents@2.3.3": {
      "integrity": "sha512-5xoDfX+fL7faATnagmWPpbFtwh/R77WmMMqqHGS65C3vvB0YHrgF+B1YmZ3441tMj5n63k0212XNoJwzlhffQw=="
    },
    "jtd@0.1.1": {
      "integrity": "sha512-D1unKfAE0A/sVLqJZs8mCSW812w651GJuV94WcXRAbx0Xv2j2yjW8qeO5pugXbTMX4k2/ojIH8kQ06LGj9QcaA=="
    },
    "prisma@5.22.0": {
      "integrity": "sha512-vtpjW3XuYCSnMsNVBjLMNkTj6OZbudcPPTPYHqX0CJfpcdWciI1dM8uHETwmDxxiqEwCIE6WvXucWUetJgfu/A==",
      "dependencies": [
        "@prisma/engines@5.22.0",
        "fsevents"
      ]
    },
    "prisma@6.2.1": {
      "integrity": "sha512-hhyM0H13pQleQ+br4CkzGizS5I0oInoeTw3JfLw1BRZduBSQxPILlJLwi+46wZzj9Je7ndyQEMGw/n5cN2fknA==",
      "dependencies": [
        "@prisma/engines@6.2.1",
        "fsevents"
      ]
    },
    "tr46@0.0.3": {
      "integrity": "sha512-N3WMsuqV66lT30CrXNbEjx4GEwlow3v6rr4mCcv6prnfwhS01rkgyFdjPNBYd9br7LpXV1+Emh01fHnq2Gdgrw=="
    },
    "undici-types@6.19.8": {
      "integrity": "sha512-ve2KP6f/JnbPBFyobGHuerC9g1FYGn/F8n1LWTwNxCEzd6IfqTwUQcNXgEtmmQ6DlRrC1hrSrBnCZPokRrDHjw=="
    },
    "webidl-conversions@3.0.1": {
      "integrity": "sha512-2JAn3z8AR6rjK8Sm8orRC0h/bcl/DqL7tRPdGZ4I1CjdF+EaMLmYxBHyXuKL849eucPFhvBoxMsflfOb8kxaeQ=="
    },
    "whatwg-url@5.0.0": {
      "integrity": "sha512-saE57nupxk6v3HY35+jzBwYa0rKSy0XR8JSxZPwgLr7ys0IBzhGviA1/TUGJLmSVqs8pb9AnvICXEuOHLprYTw==",
      "dependencies": [
        "tr46",
        "webidl-conversions"
      ]
    },
    "ws@8.18.0": {
      "integrity": "sha512-8VbfWfHLbbwu3+N6OKsOMpBdT4kXPDDB9cJk2bJ6mh9ucxdlnNvH1e+roYkKmN9Nxw2yjz7VzeO9oOz2zJ04Pw=="
    }
  },
  "remote": {
    "https://deno.land/x/zod@v3.23.8/ZodError.ts": "528da200fbe995157b9ae91498b103c4ef482217a5c086249507ac850bd78f52",
    "https://deno.land/x/zod@v3.23.8/errors.ts": "5285922d2be9700cc0c70c95e4858952b07ae193aa0224be3cbd5cd5567eabef",
    "https://deno.land/x/zod@v3.23.8/external.ts": "a6cfbd61e9e097d5f42f8a7ed6f92f93f51ff927d29c9fbaec04f03cbce130fe",
    "https://deno.land/x/zod@v3.23.8/helpers/enumUtil.ts": "54efc393cc9860e687d8b81ff52e980def00fa67377ad0bf8b3104f8a5bf698c",
    "https://deno.land/x/zod@v3.23.8/helpers/errorUtil.ts": "7a77328240be7b847af6de9189963bd9f79cab32bbc61502a9db4fe6683e2ea7",
    "https://deno.land/x/zod@v3.23.8/helpers/parseUtil.ts": "c14814d167cc286972b6e094df88d7d982572a08424b7cd50f862036b6fcaa77",
    "https://deno.land/x/zod@v3.23.8/helpers/partialUtil.ts": "998c2fe79795257d4d1cf10361e74492f3b7d852f61057c7c08ac0a46488b7e7",
    "https://deno.land/x/zod@v3.23.8/helpers/typeAliases.ts": "0fda31a063c6736fc3cf9090dd94865c811dfff4f3cb8707b932bf937c6f2c3e",
    "https://deno.land/x/zod@v3.23.8/helpers/util.ts": "30c273131661ca5dc973f2cfb196fa23caf3a43e224cdde7a683b72e101a31fc",
    "https://deno.land/x/zod@v3.23.8/index.ts": "d27aabd973613985574bc31f39e45cb5d856aa122ef094a9f38a463b8ef1a268",
    "https://deno.land/x/zod@v3.23.8/locales/en.ts": "a7a25cd23563ccb5e0eed214d9b31846305ddbcdb9c5c8f508b108943366ab4c",
    "https://deno.land/x/zod@v3.23.8/mod.ts": "ec6e2b1255c1a350b80188f97bd0a6bac45801bb46fc48f50b9763aa66046039",
    "https://deno.land/x/zod@v3.23.8/types.ts": "1b172c90782b1eaa837100ebb6abd726d79d6c1ec336350c8e851e0fd706bf5c",
    "https://esm.sh/@hono/trpc-server@0.3.2": "0c4f37df9ff10ce09b8b1ea29667aa3fab46ff36086a3835335624534d128338",
    "https://esm.sh/@trpc/server@10.45.2": "99bdfbd9f9c7fd29e9bc56def3386cca16b68e3bd770ad8b34dcec345d8741bd",
    "https://esm.sh/v135/@hono/trpc-server@0.3.2/denonext/trpc-server.mjs": "0f4989f6a9091c2f76cfb00d5545c8ff2adf15414f7c8888ea0f512e2230544c",
    "https://esm.sh/v135/@trpc/server@10.45.2/denonext/adapters/fetch.js": "32e123abc205c421645c1916c010746ddb49e4e0ef2178b7081f4ec156a74e8b",
    "https://esm.sh/v135/@trpc/server@10.45.2/denonext/server.mjs": "85de0552a7811d474f7cd09d0f448174f10d5f846827a18b62972f8d959db096"
  },
  "workspace": {
    "dependencies": [
      "jsr:@bradenmacdonald/s3-lite-client@~0.7.6",
      "jsr:@hono/hono@^4.4.9",
      "jsr:@std/io@0.225",
      "npm:@mermaid-js/mermaid-cli@^11.2.1",
      "npm:@prisma/generator-helper@^5.22.0",
      "npm:jtd@~0.1.1",
      "npm:prisma-erd-generator@^1.11.2",
      "npm:prisma@^5.22.0"
    ]
  }
}
